# external.lock — auto-generated by scripts/vendor.sh; do not edit by hand.
# Records the exact upstream commit each vendored skill was pulled from.

https://github.com/grafana/skills
  ref: main
  commit: 0198138c75512f9b2adfb27b49aebce87c3ccfdf
  skill: dashboarding
  skill: alerting-irm
  skill: grafana-oss
